
Microsoft Visual Studio Solution File, Format Version 12.00
# Visual Studio Version 17
VisualStudioVersion = 17.4.33205.214
MinimumVisualStudioVersion = 10.0.40219.1
Project("{FAE04EC0-301F-11D3-BF4B-00C04F79EFBC}") = "eTickets", "eTickets\eTickets.csproj", "{B0DBC86B-ABF4-4491-BD9A-5A1CE10065A4}"
EndProject
Global
	GlobalSection(SolutionConfigurationPlatforms) = preSolution
		Debug|Any CPU = Debug|Any CPU
		Release|Any CPU = Release|Any CPU
	EndGlobalSection
	GlobalSection(ProjectConfigurationPlatforms) = postSolution
		{B0DBC86B-ABF4-4491-BD9A-5A1CE10065A4}.Debug|Any CPU.ActiveCfg = Debug|Any CPU
		{B0DBC86B-ABF4-4491-BD9A-5A1CE10065A4}.Debug|Any CPU.Build.0 = Debug|Any CPU
		{B0DBC86B-ABF4-4491-BD9A-5A1CE10065A4}.Release|Any CPU.ActiveCfg = Release|Any CPU
		{B0DBC86B-ABF4-4491-BD9A-5A1CE10065A4}.Release|Any CPU.Build.0 = Release|Any CPU
	EndGlobalSection
	GlobalSection(SolutionProperties) = preSolution
		HideSolutionNode = FALSE
	EndGlobalSection
	GlobalSection(ExtensibilityGlobals) = postSolution
		SolutionGuid = {3D3BD647-0EAE-4207-9E7D-CD23F354C0DE}
	EndGlobalSection
EndGlobal
